// !$*UTF8*$!
{
	archiveVersion = 1;
	classes = {
	};
	objectVersion = 46;
	objects = {

/* Begin PBXBuildFile section */
		084E3763193F02F900A8EA57 /* Foundation.framework in Frameworks */ = {isa = PBXBuildFile; fileRef = 084E3762193F02F900A8EA57 /* Foundation.framework */; };
		084E3765193F02F900A8EA57 /* CoreGraphics.framework in Frameworks */ = {isa = PBXBuildFile; fileRef = 084E3764193F02F900A8EA57 /* CoreGraphics.framework */; };
		084E3767193F02F900A8EA57 /* UIKit.framework in Frameworks */ = {isa = PBXBuildFile; fileRef = 084E3766193F02F900A8EA57 /* UIKit.framework */; };
		084E376D193F02F900A8EA57 /* InfoPlist.strings in Resources */ = {isa = PBXBuildFile; fileRef = 084E376B193F02F900A8EA57 /* InfoPlist.strings */; };
		084E376F193F02F900A8EA57 /* main.m in Sources */ = {isa = PBXBuildFile; fileRef = 084E376E193F02F900A8EA57 /* main.m */; };
		084E3773193F02F900A8EA57 /* MJAppDelegate.m in Sources */ = {isa = PBXBuildFile; fileRef = 084E3772193F02F900A8EA57 /* MJAppDelegate.m */; };
		084E3776193F02F900A8EA57 /* Main.storyboard in Resources */ = {isa = PBXBuildFile; fileRef = 084E3774193F02F900A8EA57 /* Main.storyboard */; };
		084E3779193F02F900A8EA57 /* MJViewController.m in Sources */ = {isa = PBXBuildFile; fileRef = 084E3778193F02F900A8EA57 /* MJViewController.m */; };
		084E377B193F02F900A8EA57 /* Images.xcassets in Resources */ = {isa = PBXBuildFile; fileRef = 084E377A193F02F900A8EA57 /* Images.xcassets */; };
		084E3782193F02F900A8EA57 /* XCTest.framework in Frameworks */ = {isa = PBXBuildFile; fileRef = 084E3781193F02F900A8EA57 /* XCTest.framework */; };
		084E3783193F02F900A8EA57 /* Foundation.framework in Frameworks */ = {isa = PBXBuildFile; fileRef = 084E3762193F02F900A8EA57 /* Foundation.framework */; };
		084E3784193F02F900A8EA57 /* UIKit.framework in Frameworks */ = {isa = PBXBuildFile; fileRef = 084E3766193F02F900A8EA57 /* UIKit.framework */; };
		084E378C193F02F900A8EA57 /* InfoPlist.strings in Resources */ = {isa = PBXBuildFile; fileRef = 084E378A193F02F900A8EA57 /* InfoPlist.strings */; };
		084E378E193F02F900A8EA57 /* _5_____Tests.m in Sources */ = {isa = PBXBuildFile; fileRef = 084E378D193F02F900A8EA57 /* _5_____Tests.m */; };
		084E3799193F035700A8EA57 /* MJMathTool.m in Sources */ = {isa = PBXBuildFile; fileRef = 084E3798193F035700A8EA57 /* MJMathTool.m */; };
		084E379C193F06B800A8EA57 /* MJUser.m in Sources */ = {isa = PBXBuildFile; fileRef = 084E379B193F06B800A8EA57 /* MJUser.m */; };
		084E379E193F06D300A8EA57 /* MJUserTest.m in Sources */ = {isa = PBXBuildFile; fileRef = 084E379D193F06D300A8EA57 /* MJUserTest.m */; };
/* End PBXBuildFile section */

/* Begin PBXContainerItemProxy section */
		084E3785193F02F900A8EA57 /* PBXContainerItemProxy */ = {
			isa = PBXContainerItemProxy;
			containerPortal = 084E3757193F02F900A8EA57 /* Project object */;
			proxyType = 1;
			remoteGlobalIDString = 084E375E193F02F900A8EA57;
			remoteInfo = "05-单元测试";
		};
/* End PBXContainerItemProxy section */

/* Begin PBXFileReference section */
		084E375F193F02F900A8EA57 /* 05-单元测试.app */ = {isa = PBXFileReference; explicitFileType = wrapper.application; includeInIndex = 0; path = "05-单元测试.app"; sourceTree = BUILT_PRODUCTS_DIR; };
		084E3762193F02F900A8EA57 /* Foundation.framework */ = {isa = PBXFileReference; lastKnownFileType = wrapper.framework; name = Foundation.framework; path = System/Library/Frameworks/Foundation.framework; sourceTree = SDKROOT; };
		084E3764193F02F900A8EA57 /* CoreGraphics.framework */ = {isa = PBXFileReference; lastKnownFileType = wrapper.framework; name = CoreGraphics.framework; path = System/Library/Frameworks/CoreGraphics.framework; sourceTree = SDKROOT; };
		084E3766193F02F900A8EA57 /* UIKit.framework */ = {isa = PBXFileReference; lastKnownFileType = wrapper.framework; name = UIKit.framework; path = System/Library/Frameworks/UIKit.framework; sourceTree = SDKROOT; };
		084E376A193F02F900A8EA57 /* 05-单元测试-Info.plist */ = {isa = PBXFileReference; lastKnownFileType = text.plist.xml; path = "05-单元测试-Info.plist"; sourceTree = "<group>"; };
		084E376C193F02F900A8EA57 /* en */ = {isa = PBXFileReference; lastKnownFileType = text.plist.strings; name = en; path = en.lproj/InfoPlist.strings; sourceTree = "<group>"; };
		084E376E193F02F900A8EA57 /* main.m */ = {isa = PBXFileReference; lastKnownFileType = sourcecode.c.objc; path = main.m; sourceTree = "<group>"; };
		084E3770193F02F900A8EA57 /* 05-单元测试-Prefix.pch */ = {isa = PBXFileReference; lastKnownFileType = sourcecode.c.h; path = "05-单元测试-Prefix.pch"; sourceTree = "<group>"; };
		084E3771193F02F900A8EA57 /* MJAppDelegate.h */ = {isa = PBXFileReference; lastKnownFileType = sourcecode.c.h; path = MJAppDelegate.h; sourceTree = "<group>"; };
		084E3772193F02F900A8EA57 /* MJAppDelegate.m */ = {isa = PBXFileReference; lastKnownFileType = sourcecode.c.objc; path = MJAppDelegate.m; sourceTree = "<group>"; };
		084E3775193F02F900A8EA57 /* Base */ = {isa = PBXFileReference; lastKnownFileType = file.storyboard; name = Base; path = Base.lproj/Main.storyboard; sourceTree = "<group>"; };
		084E3777193F02F900A8EA57 /* MJViewController.h */ = {isa = PBXFileReference; lastKnownFileType = sourcecode.c.h; path = MJViewController.h; sourceTree = "<group>"; };
		084E3778193F02F900A8EA57 /* MJViewController.m */ = {isa = PBXFileReference; lastKnownFileType = sourcecode.c.objc; path = MJViewController.m; sourceTree = "<group>"; };
		084E377A193F02F900A8EA57 /* Images.xcassets */ = {isa = PBXFileReference; lastKnownFileType = folder.assetcatalog; path = Images.xcassets; sourceTree = "<group>"; };
		084E3780193F02F900A8EA57 /* 05-单元测试Tests.xctest */ = {isa = PBXFileReference; explicitFileType = wrapper.cfbundle; includeInIndex = 0; path = "05-单元测试Tests.xctest"; sourceTree = BUILT_PRODUCTS_DIR; };
		084E3781193F02F900A8EA57 /* XCTest.framework */ = {isa = PBXFileReference; lastKnownFileType = wrapper.framework; name = XCTest.framework; path = Library/Frameworks/XCTest.framework; sourceTree = DEVELOPER_DIR; };
		084E3789193F02F900A8EA57 /* 05-单元测试Tests-Info.plist */ = {isa = PBXFileReference; lastKnownFileType = text.plist.xml; path = "05-单元测试Tests-Info.plist"; sourceTree = "<group>"; };
		084E378B193F02F900A8EA57 /* en */ = {isa = PBXFileReference; lastKnownFileType = text.plist.strings; name = en; path = en.lproj/InfoPlist.strings; sourceTree = "<group>"; };
		084E378D193F02F900A8EA57 /* _5_____Tests.m */ = {isa = PBXFileReference; lastKnownFileType = sourcecode.c.objc; path = "_5_____Tests.m"; sourceTree = "<group>"; };
		084E3797193F035700A8EA57 /* MJMathTool.h */ = {isa = PBXFileReference; fileEncoding = 4; lastKnownFileType = sourcecode.c.h; path = MJMathTool.h; sourceTree = "<group>"; };
		084E3798193F035700A8EA57 /* MJMathTool.m */ = {isa = PBXFileReference; fileEncoding = 4; lastKnownFileType = sourcecode.c.objc; path = MJMathTool.m; sourceTree = "<group>"; };
		084E379A193F06B800A8EA57 /* MJUser.h */ = {isa = PBXFileReference; fileEncoding = 4; lastKnownFileType = sourcecode.c.h; path = MJUser.h; sourceTree = "<group>"; };
		084E379B193F06B800A8EA57 /* MJUser.m */ = {isa = PBXFileReference; fileEncoding = 4; lastKnownFileType = sourcecode.c.objc; path = MJUser.m; sourceTree = "<group>"; };
		084E379D193F06D300A8EA57 /* MJUserTest.m */ = {isa = PBXFileReference; fileEncoding = 4; lastKnownFileType = sourcecode.c.objc; path = MJUserTest.m; sourceTree = "<group>"; };
/* End PBXFileReference section */

/* Begin PBXFrameworksBuildPhase section */
		084E375C193F02F900A8EA57 /* Frameworks */ = {
			isa = PBXFrameworksBuildPhase;
			buildActionMask = 2147483647;
			files = (
				084E3765193F02F900A8EA57 /* CoreGraphics.framework in Frameworks */,
				084E3767193F02F900A8EA57 /* UIKit.framework in Frameworks */,
				084E3763193F02F900A8EA57 /* Foundation.framework in Frameworks */,
			);
			runOnlyForDeploymentPostprocessing = 0;
		};
		084E377D193F02F900A8EA57 /* Frameworks */ = {
			isa = PBXFrameworksBuildPhase;
			buildActionMask = 2147483647;
			files = (
				084E3782193F02F900A8EA57 /* XCTest.framework in Frameworks */,
				084E3784193F02F900A8EA57 /* UIKit.framework in Frameworks */,
				084E3783193F02F900A8EA57 /* Foundation.framework in Frameworks */,
			);
			runOnlyForDeploymentPostprocessing = 0;
		};
/* End PBXFrameworksBuildPhase section */

/* Begin PBXGroup section */
		084E3756193F02F900A8EA57 = {
			isa = PBXGroup;
			children = (
				084E3768193F02F900A8EA57 /* 05-单元测试 */,
				084E3787193F02F900A8EA57 /* 05-单元测试Tests */,
				084E3761193F02F900A8EA57 /* Frameworks */,
				084E3760193F02F900A8EA57 /* Products */,
			);
			sourceTree = "<group>";
		};
		084E3760193F02F900A8EA57 /* Products */ = {
			isa = PBXGroup;
			children = (
				084E375F193F02F900A8EA57 /* 05-单元测试.app */,
				084E3780193F02F900A8EA57 /* 05-单元测试Tests.xctest */,
			);
			name = Products;
			sourceTree = "<group>";
		};
		084E3761193F02F900A8EA57 /* Frameworks */ = {
			isa = PBXGroup;
			children = (
				084E3762193F02F900A8EA57 /* Foundation.framework */,
				084E3764193F02F900A8EA57 /* CoreGraphics.framework */,
				084E3766193F02F900A8EA57 /* UIKit.framework */,
				084E3781193F02F900A8EA57 /* XCTest.framework */,
			);
			name = Frameworks;
			sourceTree = "<group>";
		};
		084E3768193F02F900A8EA57 /* 05-单元测试 */ = {
			isa = PBXGroup;
			children = (
				084E379A193F06B800A8EA57 /* MJUser.h */,
				084E379B193F06B800A8EA57 /* MJUser.m */,
				084E3797193F035700A8EA57 /* MJMathTool.h */,
				084E3798193F035700A8EA57 /* MJMathTool.m */,
				084E3771193F02F900A8EA57 /* MJAppDelegate.h */,
				084E3772193F02F900A8EA57 /* MJAppDelegate.m */,
				084E3774193F02F900A8EA57 /* Main.storyboard */,
				084E3777193F02F900A8EA57 /* MJViewController.h */,
				084E3778193F02F900A8EA57 /* MJViewController.m */,
				084E377A193F02F900A8EA57 /* Images.xcassets */,
				084E3769193F02F900A8EA57 /* Supporting Files */,
			);
			path = "05-单元测试";
			sourceTree = "<group>";
		};
		084E3769193F02F900A8EA57 /* Supporting Files */ = {
			isa = PBXGroup;
			children = (
				084E376A193F02F900A8EA57 /* 05-单元测试-Info.plist */,
				084E376B193F02F900A8EA57 /* InfoPlist.strings */,
				084E376E193F02F900A8EA57 /* main.m */,
				084E3770193F02F900A8EA57 /* 05-单元测试-Prefix.pch */,
			);
			name = "Supporting Files";
			sourceTree = "<group>";
		};
		084E3787193F02F900A8EA57 /* 05-单元测试Tests */ = {
			isa = PBXGroup;
			children = (
				084E378D193F02F900A8EA57 /* _5_____Tests.m */,
				084E379D193F06D300A8EA57 /* MJUserTest.m */,
				084E3788193F02F900A8EA57 /* Supporting Files */,
			);
			path = "05-单元测试Tests";
			sourceTree = "<group>";
		};
		084E3788193F02F900A8EA57 /* Supporting Files */ = {
			isa = PBXGroup;
			children = (
				084E3789193F02F900A8EA57 /* 05-单元测试Tests-Info.plist */,
				084E378A193F02F900A8EA57 /* InfoPlist.strings */,
			);
			name = "Supporting Files";
			sourceTree = "<group>";
		};
/* End PBXGroup section */

/* Begin PBXNativeTarget section */
		084E375E193F02F900A8EA57 /* 05-单元测试 */ = {
			isa = PBXNativeTarget;
			buildConfigurationList = 084E3791193F02F900A8EA57 /* Build configuration list for PBXNativeTarget "05-单元测试" */;
			buildPhases = (
				084E375B193F02F900A8EA57 /* Sources */,
				084E375C193F02F900A8EA57 /* Frameworks */,
				084E375D193F02F900A8EA57 /* Resources */,
			);
			buildRules = (
			);
			dependencies = (
			);
			name = "05-单元测试";
			productName = "05-单元测试";
			productReference = 084E375F193F02F900A8EA57 /* 05-单元测试.app */;
			productType = "com.apple.product-type.application";
		};
		084E377F193F02F900A8EA57 /* 05-单元测试Tests */ = {
			isa = PBXNativeTarget;
			buildConfigurationList = 084E3794193F02F900A8EA57 /* Build configuration list for PBXNativeTarget "05-单元测试Tests" */;
			buildPhases = (
				084E377C193F02F900A8EA57 /* Sources */,
				084E377D193F02F900A8EA57 /* Frameworks */,
				084E377E193F02F900A8EA57 /* Resources */,
			);
			buildRules = (
			);
			dependencies = (
				084E3786193F02F900A8EA57 /* PBXTargetDependency */,
			);
			name = "05-单元测试Tests";
			productName = "05-单元测试Tests";
			productReference = 084E3780193F02F900A8EA57 /* 05-单元测试Tests.xctest */;
			productType = "com.apple.product-type.bundle.unit-test";
		};
/* End PBXNativeTarget section */

/* Begin PBXProject section */
		084E3757193F02F900A8EA57 /* Project object */ = {
			isa = PBXProject;
			attributes = {
				CLASSPREFIX = MJ;
				LastUpgradeCheck = 0510;
				ORGANIZATIONNAME = itcast;
				TargetAttributes = {
					084E377F193F02F900A8EA57 = {
						TestTargetID = 084E375E193F02F900A8EA57;
					};
				};
			};
			buildConfigurationList = 084E375A193F02F900A8EA57 /* Build configuration list for PBXProject "05-单元测试" */;
			compatibilityVersion = "Xcode 3.2";
			developmentRegion = English;
			hasScannedForEncodings = 0;
			knownRegions = (
				en,
				Base,
			);
			mainGroup = 084E3756193F02F900A8EA57;
			productRefGroup = 084E3760193F02F900A8EA57 /* Products */;
			projectDirPath = "";
			projectRoot = "";
			targets = (
				084E375E193F02F900A8EA57 /* 05-单元测试 */,
				084E377F193F02F900A8EA57 /* 05-单元测试Tests */,
			);
		};
/* End PBXProject section */

/* Begin PBXResourcesBuildPhase section */
		084E375D193F02F900A8EA57 /* Resources */ = {
			isa = PBXResourcesBuildPhase;
			buildActionMask = 2147483647;
			files = (
				084E377B193F02F900A8EA57 /* Images.xcassets in Resources */,
				084E376D193F02F900A8EA57 /* InfoPlist.strings in Resources */,
				084E3776193F02F900A8EA57 /* Main.storyboard in Resources */,
			);
			runOnlyForDeploymentPostprocessing = 0;
		};
		084E377E193F02F900A8EA57 /* Resources */ = {
			isa = PBXResourcesBuildPhase;
			buildActionMask = 2147483647;
			files = (
				084E378C193F02F900A8EA57 /* InfoPlist.strings in Resources */,
			);
			runOnlyForDeploymentPostprocessing = 0;
		};
/* End PBXResourcesBuildPhase section */

/* Begin PBXSourcesBuildPhase section */
		084E375B193F02F900A8EA57 /* Sources */ = {
			isa = PBXSourcesBuildPhase;
			buildActionMask = 2147483647;
			files = (
				084E376F193F02F900A8EA57 /* main.m in Sources */,
				084E3779193F02F900A8EA57 /* MJViewController.m in Sources */,
				084E3799193F035700A8EA57 /* MJMathTool.m in Sources */,
				084E3773193F02F900A8EA57 /* MJAppDelegate.m in Sources */,
				084E379C193F06B800A8EA57 /* MJUser.m in Sources */,
			);
			runOnlyForDeploymentPostprocessing = 0;
		};
		084E377C193F02F900A8EA57 /* Sources */ = {
			isa = PBXSourcesBuildPhase;
			buildActionMask = 2147483647;
			files = (
				084E378E193F02F900A8EA57 /* _5_____Tests.m in Sources */,
				084E379E193F06D300A8EA57 /* MJUserTest.m in Sources */,
			);
			runOnlyForDeploymentPostprocessing = 0;
		};
/* End PBXSourcesBuildPhase section */

/* Begin PBXTargetDependency section */
		084E3786193F02F900A8EA57 /* PBXTargetDependency */ = {
			isa = PBXTargetDependency;
			target = 084E375E193F02F900A8EA57 /* 05-单元测试 */;
			targetProxy = 084E3785193F02F900A8EA57 /* PBXContainerItemProxy */;
		};
/* End PBXTargetDependency section */

/* Begin PBXVariantGroup section */
		084E376B193F02F900A8EA57 /* InfoPlist.strings */ = {
			isa = PBXVariantGroup;
			children = (
				084E376C193F02F900A8EA57 /* en */,
			);
			name = InfoPlist.strings;
			sourceTree = "<group>";
		};
		084E3774193F02F900A8EA57 /* Main.storyboard */ = {
			isa = PBXVariantGroup;
			children = (
				084E3775193F02F900A8EA57 /* Base */,
			);
			name = Main.storyboard;
			sourceTree = "<group>";
		};
		084E378A193F02F900A8EA57 /* InfoPlist.strings */ = {
			isa = PBXVariantGroup;
			children = (
				084E378B193F02F900A8EA57 /* en */,
			);
			name = InfoPlist.strings;
			sourceTree = "<group>";
		};
/* End PBXVariantGroup section */

/* Begin XCBuildConfiguration section */
		084E378F193F02F900A8EA57 /* Debug */ = {
			isa = XCBuildConfiguration;
			buildSettings = {
				ALWAYS_SEARCH_USER_PATHS = NO;
				CLANG_CXX_LANGUAGE_STANDARD = "gnu++0x";
				CLANG_CXX_LIBRARY = "libc++";
				CLANG_ENABLE_MODULES = YES;
				CLANG_ENABLE_OBJC_ARC = YES;
				CLANG_WARN_BOOL_CONVERSION = YES;
				CLANG_WARN_CONSTANT_CONVERSION = YES;
				CLANG_WARN_DIRECT_OBJC_ISA_USAGE = YES_ERROR;
				CLANG_WARN_EMPTY_BODY = YES;
				CLANG_WARN_ENUM_CONVERSION = YES;
				CLANG_WARN_INT_CONVERSION = YES;
				CLANG_WARN_OBJC_ROOT_CLASS = YES_ERROR;
				CLANG_WARN__DUPLICATE_METHOD_MATCH = YES;
				"CODE_SIGN_IDENTITY[sdk=iphoneos*]" = "iPhone Developer";
				COPY_PHASE_STRIP = NO;
				GCC_C_LANGUAGE_STANDARD = gnu99;
				GCC_DYNAMIC_NO_PIC = NO;
				GCC_OPTIMIZATION_LEVEL = 0;
				GCC_PREPROCESSOR_DEFINITIONS = (
					"DEBUG=1",
					"$(inherited)",
				);
				GCC_SYMBOLS_PRIVATE_EXTERN = NO;
				GCC_WARN_64_TO_32_BIT_CONVERSION = YES;
				GCC_WARN_ABOUT_RETURN_TYPE = YES_ERROR;
				GCC_WARN_UNDECLARED_SELECTOR = YES;
				GCC_WARN_UNINITIALIZED_AUTOS = YES_AGGRESSIVE;
				GCC_WARN_UNUSED_FUNCTION = YES;
				GCC_WARN_UNUSED_VARIABLE = YES;
				IPHONEOS_DEPLOYMENT_TARGET = 7.1;
				ONLY_ACTIVE_ARCH = YES;
				SDKROOT = iphoneos;
			};
			name = Debug;
		};
		084E3790193F02F900A8EA57 /* Release */ = {
			isa = XCBuildConfiguration;
			buildSettings = {
				ALWAYS_SEARCH_USER_PATHS = NO;
				CLANG_CXX_LANGUAGE_STANDARD = "gnu++0x";
				CLANG_CXX_LIBRARY = "libc++";
				CLANG_ENABLE_MODULES = YES;
				CLANG_ENABLE_OBJC_ARC = YES;
				CLANG_WARN_BOOL_CONVERSION = YES;
				CLANG_WARN_CONSTANT_CONVERSION = YES;
				CLANG_WARN_DIRECT_OBJC_ISA_USAGE = YES_ERROR;
				CLANG_WARN_EMPTY_BODY = YES;
				CLANG_WARN_ENUM_CONVERSION = YES;
				CLANG_WARN_INT_CONVERSION = YES;
				CLANG_WARN_OBJC_ROOT_CLASS = YES_ERROR;
				CLANG_WARN__DUPLICATE_METHOD_MATCH = YES;
				"CODE_SIGN_IDENTITY[sdk=iphoneos*]" = "iPhone Developer";
				COPY_PHASE_STRIP = YES;
				ENABLE_NS_ASSERTIONS = NO;
				GCC_C_LANGUAGE_STANDARD = gnu99;
				GCC_WARN_64_TO_32_BIT_CONVERSION = YES;
				GCC_WARN_ABOUT_RETURN_TYPE = YES_ERROR;
				GCC_WARN_UNDECLARED_SELECTOR = YES;
				GCC_WARN_UNINITIALIZED_AUTOS = YES_AGGRESSIVE;
				GCC_WARN_UNUSED_FUNCTION = YES;
				GCC_WARN_UNUSED_VARIABLE = YES;
				IPHONEOS_DEPLOYMENT_TARGET = 7.1;
				SDKROOT = iphoneos;
				VALIDATE_PRODUCT = YES;
			};
			name = Release;
		};
		084E3792193F02F900A8EA57 /* Debug */ = {
			isa = XCBuildConfiguration;
			buildSettings = {
				ASSETCATALOG_COMPILER_APPICON_NAME = AppIcon;
				ASSETCATALOG_COMPILER_LAUNCHIMAGE_NAME = LaunchImage;
				GCC_PRECOMPILE_PREFIX_HEADER = YES;
				GCC_PREFIX_HEADER = "05-单元测试/05-单元测试-Prefix.pch";
				INFOPLIST_FILE = "05-单元测试/05-单元测试-Info.plist";
				PRODUCT_NAME = "$(TARGET_NAME)";
				WRAPPER_EXTENSION = app;
			};
			name = Debug;
		};
		084E3793193F02F900A8EA57 /* Release */ = {
			isa = XCBuildConfiguration;
			buildSettings = {
				ASSETCATALOG_COMPILER_APPICON_NAME = AppIcon;
				ASSETCATALOG_COMPILER_LAUNCHIMAGE_NAME = LaunchImage;
				GCC_PRECOMPILE_PREFIX_HEADER = YES;
				GCC_PREFIX_HEADER = "05-单元测试/05-单元测试-Prefix.pch";
				INFOPLIST_FILE = "05-单元测试/05-单元测试-Info.plist";
				PRODUCT_NAME = "$(TARGET_NAME)";
				WRAPPER_EXTENSION = app;
			};
			name = Release;
		};
		084E3795193F02F900A8EA57 /* Debug */ = {
			isa = XCBuildConfiguration;
			buildSettings = {
				BUNDLE_LOADER = "$(BUILT_PRODUCTS_DIR)/05-单元测试.app/05-单元测试";
				FRAMEWORK_SEARCH_PATHS = (
					"$(SDKROOT)/Developer/Library/Frameworks",
					"$(inherited)",
					"$(DEVELOPER_FRAMEWORKS_DIR)",
				);
				GCC_PRECOMPILE_PREFIX_HEADER = YES;
				GCC_PREFIX_HEADER = "05-单元测试/05-单元测试-Prefix.pch";
				GCC_PREPROCESSOR_DEFINITIONS = (
					"DEBUG=1",
					"$(inherited)",
				);
				INFOPLIST_FILE = "05-单元测试Tests/05-单元测试Tests-Info.plist";
				PRODUCT_NAME = "$(TARGET_NAME)";
				TEST_HOST = "$(BUNDLE_LOADER)";
				WRAPPER_EXTENSION = xctest;
			};
			name = Debug;
		};
		084E3796193F02F900A8EA57 /* Release */ = {
			isa = XCBuildConfiguration;
			buildSettings = {
				BUNDLE_LOADER = "$(BUILT_PRODUCTS_DIR)/05-单元测试.app/05-单元测试";
				FRAMEWORK_SEARCH_PATHS = (
					"$(SDKROOT)/Developer/Library/Frameworks",
					"$(inherited)",
					"$(DEVELOPER_FRAMEWORKS_DIR)",
				);
				GCC_PRECOMPILE_PREFIX_HEADER = YES;
				GCC_PREFIX_HEADER = "05-单元测试/05-单元测试-Prefix.pch";
				INFOPLIST_FILE = "05-单元测试Tests/05-单元测试Tests-Info.plist";
				PRODUCT_NAME = "$(TARGET_NAME)";
				TEST_HOST = "$(BUNDLE_LOADER)";
				WRAPPER_EXTENSION = xctest;
			};
			name = Release;
		};
/* End XCBuildConfiguration section */

/* Begin XCConfigurationList section */
		084E375A193F02F900A8EA57 /* Build configuration list for PBXProject "05-单元测试" */ = {
			isa = XCConfigurationList;
			buildConfigurations = (
				084E378F193F02F900A8EA57 /* Debug */,
				084E3790193F02F900A8EA57 /* Release */,
			);
			defaultConfigurationIsVisible = 0;
			defaultConfigurationName = Release;
		};
		084E3791193F02F900A8EA57 /* Build configuration list for PBXNativeTarget "05-单元测试" */ = {
			isa = XCConfigurationList;
			buildConfigurations = (
				084E3792193F02F900A8EA57 /* Debug */,
				084E3793193F02F900A8EA57 /* Release */,
			);
			defaultConfigurationIsVisible = 0;
		};
		084E3794193F02F900A8EA57 /* Build configuration list for PBXNativeTarget "05-单元测试Tests" */ = {
			isa = XCConfigurationList;
			buildConfigurations = (
				084E3795193F02F900A8EA57 /* Debug */,
				084E3796193F02F900A8EA57 /* Release */,
			);
			defaultConfigurationIsVisible = 0;
		};
/* End XCConfigurationList section */
	};
	rootObject = 084E3757193F02F900A8EA57 /* Project object */;
}
